
Microsoft Visual Studio Solution File, Format Version 12.00
# Visual Studio 15
VisualStudioVersion = 15.0.27130.2027
MinimumVisualStudioVersion = 10.0.40219.1
Project("{FAE04EC0-301F-11D3-BF4B-00C04F79EFBC}") = "CreateSlaveMachine", "CreateSlaveMachine\CreateSlaveMachine.csproj", "{B44D69A8-B64F-48E2-BE6F-8905696D44DA}"
EndProject
Global
	GlobalSection(SolutionConfigurationPlatforms) = preSolution
		Debug|Any CPU = Debug|Any CPU
		Release|Any CPU = Release|Any CPU
	EndGlobalSection
	GlobalSection(ProjectConfigurationPlatforms) = postSolution
		{B44D69A8-B64F-48E2-BE6F-8905696D44DA}.Debug|Any CPU.ActiveCfg = Debug|Any CPU
		{B44D69A8-B64F-48E2-BE6F-8905696D44DA}.Debug|Any CPU.Build.0 = Debug|Any CPU
		{B44D69A8-B64F-48E2-BE6F-8905696D44DA}.Release|Any CPU.ActiveCfg = Release|Any CPU
		{B44D69A8-B64F-48E2-BE6F-8905696D44DA}.Release|Any CPU.Build.0 = Release|Any CPU
	EndGlobalSection
	GlobalSection(SolutionProperties) = preSolution
		HideSolutionNode = FALSE
	EndGlobalSection
	GlobalSection(ExtensibilityGlobals) = postSolution
		SolutionGuid = {1E4141E1-2D31-4D03-9190-AC2B49758128}
	EndGlobalSection
EndGlobal
